// !$*UTF8*$!
{
	archiveVersion = 1;
	classes = {
	};
	objectVersion = 46;
	objects = {

/* Begin PBXAggregateTarget section */
		3825588E1AD5FF3900B91BD0 /* mogenerator */ = {
			isa = PBXAggregateTarget;
			buildConfigurationList = 382558911AD5FF3900B91BD0 /* Build configuration list for PBXAggregateTarget "mogenerator" */;
			buildPhases = (
				382558921AD5FF9E00B91BD0 /* Run Script */,
			);
			dependencies = (
			);
			name = mogenerator;
			productName = mogenerator;
		};
/* End PBXAggregateTarget section */

/* Begin PBXBuildFile section */
		188EC8391AD57D3E002CDBA7 /* RootViewController.m in Sources */ = {isa = PBXBuildFile; fileRef = 188EC8381AD57D3E002CDBA7 /* RootViewController.m */; };
		188EC83C1AD57D57002CDBA7 /* QuizPickerTableViewController.m in Sources */ = {isa = PBXBuildFile; fileRef = 188EC83B1AD57D57002CDBA7 /* QuizPickerTableViewController.m */; };
		188EC83F1AD57D71002CDBA7 /* QuestionViewController.m in Sources */ = {isa = PBXBuildFile; fileRef = 188EC83E1AD57D71002CDBA7 /* QuestionViewController.m */; };
		188EC8421AD57D96002CDBA7 /* AnswerModalViewController.m in Sources */ = {isa = PBXBuildFile; fileRef = 188EC8411AD57D96002CDBA7 /* AnswerModalViewController.m */; };
		188EC8491AD57DD2002CDBA7 /* TIQCoreData.m in Sources */ = {isa = PBXBuildFile; fileRef = 188EC8481AD57DD2002CDBA7 /* TIQCoreData.m */; };
		188EC84D1AD58151002CDBA7 /* TopicModalTableViewController.m in Sources */ = {isa = PBXBuildFile; fileRef = 188EC84C1AD58151002CDBA7 /* TopicModalTableViewController.m */; };
		18993EC71AD6F87100548E44 /* Firebase.framework in Frameworks */ = {isa = PBXBuildFile; fileRef = 18993EC61AD6F87100548E44 /* Firebase.framework */; };
		18993EC91AD6F8B900548E44 /* libicucore.dylib in Frameworks */ = {isa = PBXBuildFile; fileRef = 18993EC81AD6F8B900548E44 /* libicucore.dylib */; };
		18993ECB1AD6F8C700548E44 /* libc++.dylib in Frameworks */ = {isa = PBXBuildFile; fileRef = 18993ECA1AD6F8C700548E44 /* libc++.dylib */; };
		18993ECD1AD6F8D300548E44 /* CFNetwork.framework in Frameworks */ = {isa = PBXBuildFile; fileRef = 18993ECC1AD6F8D300548E44 /* CFNetwork.framework */; };
		18993ECF1AD6F8DC00548E44 /* Security.framework in Frameworks */ = {isa = PBXBuildFile; fileRef = 18993ECE1AD6F8DC00548E44 /* Security.framework */; };
		18993ED11AD6F8E600548E44 /* SystemConfiguration.framework in Frameworks */ = {isa = PBXBuildFile; fileRef = 18993ED01AD6F8E600548E44 /* SystemConfiguration.framework */; };
		18993ED51AD7009000548E44 /* TIQFirebase.m in Sources */ = {isa = PBXBuildFile; fileRef = 18993ED41AD7009000548E44 /* TIQFirebase.m */; };
		18A50BF91AD5DE7100181BC5 /* Teacher.m in Sources */ = {isa = PBXBuildFile; fileRef = 18A50BF81AD5DE7100181BC5 /* Teacher.m */; };
		382558951AD601B000B91BD0 /* TheIronQuizModel.xcdatamodeld in Sources */ = {isa = PBXBuildFile; fileRef = 382558931AD601B000B91BD0 /* TheIronQuizModel.xcdatamodeld */; };
		382558981AD6D0E100B91BD0 /* CoreDataStack.m in Sources */ = {isa = PBXBuildFile; fileRef = 382558971AD6D0E100B91BD0 /* CoreDataStack.m */; settings = {COMPILER_FLAGS = "-fno-objc-arc"; }; };
		382558A11AD6D25F00B91BD0 /* Choice.m in Sources */ = {isa = PBXBuildFile; fileRef = 3825589A1AD6D25F00B91BD0 /* Choice.m */; };
		382558A21AD6D25F00B91BD0 /* Question.m in Sources */ = {isa = PBXBuildFile; fileRef = 3825589C1AD6D25F00B91BD0 /* Question.m */; };
		382558A31AD6D25F00B91BD0 /* Quiz.m in Sources */ = {isa = PBXBuildFile; fileRef = 3825589E1AD6D25F00B91BD0 /* Quiz.m */; };
		382558A41AD6D25F00B91BD0 /* Topic.m in Sources */ = {isa = PBXBuildFile; fileRef = 382558A01AD6D25F00B91BD0 /* Topic.m */; };
		382558AD1AD6D27700B91BD0 /* _Choice.m in Sources */ = {isa = PBXBuildFile; fileRef = 382558A61AD6D27700B91BD0 /* _Choice.m */; };
		382558AE1AD6D27700B91BD0 /* _Question.m in Sources */ = {isa = PBXBuildFile; fileRef = 382558A81AD6D27700B91BD0 /* _Question.m */; };
		382558AF1AD6D27700B91BD0 /* _Quiz.m in Sources */ = {isa = PBXBuildFile; fileRef = 382558AA1AD6D27700B91BD0 /* _Quiz.m */; };
		382558B01AD6D27800B91BD0 /* _Topic.m in Sources */ = {isa = PBXBuildFile; fileRef = 382558AC1AD6D27700B91BD0 /* _Topic.m */; };
		5AD46E591AD56C470053E89A /* main.m in Sources */ = {isa = PBXBuildFile; fileRef = 5AD46E581AD56C470053E89A /* main.m */; };
		5AD46E5C1AD56C470053E89A /* AppDelegate.m in Sources */ = {isa = PBXBuildFile; fileRef = 5AD46E5B1AD56C470053E89A /* AppDelegate.m */; };
		5AD46E621AD56C470053E89A /* Main.storyboard in Resources */ = {isa = PBXBuildFile; fileRef = 5AD46E601AD56C470053E89A /* Main.storyboard */; };
		5AD46E641AD56C470053E89A /* Images.xcassets in Resources */ = {isa = PBXBuildFile; fileRef = 5AD46E631AD56C470053E89A /* Images.xcassets */; };
		5AD46E671AD56C470053E89A /* LaunchScreen.xib in Resources */ = {isa = PBXBuildFile; fileRef = 5AD46E651AD56C470053E89A /* LaunchScreen.xib */; };
		5AD46E731AD56C470053E89A /* TheIronQuizTests.m in Sources */ = {isa = PBXBuildFile; fileRef = 5AD46E721AD56C470053E89A /* TheIronQuizTests.m */; };
/* End PBXBuildFile section */

/* Begin PBXContainerItemProxy section */
		5AD46E6D1AD56C470053E89A /* PBXContainerItemProxy */ = {
			isa = PBXContainerItemProxy;
			containerPortal = 5AD46E4B1AD56C470053E89A /* Project object */;
			proxyType = 1;
			remoteGlobalIDString = 5AD46E521AD56C470053E89A;
			remoteInfo = TheIronQuiz;
		};
/* End PBXContainerItemProxy section */

/* Begin PBXFileReference section */
		188EC8371AD57D3E002CDBA7 /* RootViewController.h */ = {isa = PBXFileReference; fileEncoding = 4; lastKnownFileType = sourcecode.c.h; path = RootViewController.h; sourceTree = "<group>"; };
		188EC8381AD57D3E002CDBA7 /* RootViewController.m */ = {isa = PBXFileReference; fileEncoding = 4; lastKnownFileType = sourcecode.c.objc; path = RootViewController.m; sourceTree = "<group>"; };
		188EC83A1AD57D57002CDBA7 /* QuizPickerTableViewController.h */ = {isa = PBXFileReference; fileEncoding = 4; lastKnownFileType = sourcecode.c.h; path = QuizPickerTableViewController.h; sourceTree = "<group>"; };
		188EC83B1AD57D57002CDBA7 /* QuizPickerTableViewController.m */ = {isa = PBXFileReference; fileEncoding = 4; lastKnownFileType = sourcecode.c.objc; path = QuizPickerTableViewController.m; sourceTree = "<group>"; };
		188EC83D1AD57D71002CDBA7 /* QuestionViewController.h */ = {isa = PBXFileReference; fileEncoding = 4; lastKnownFileType = sourcecode.c.h; path = QuestionViewController.h; sourceTree = "<group>"; };
		188EC83E1AD57D71002CDBA7 /* QuestionViewController.m */ = {isa = PBXFileReference; fileEncoding = 4; lastKnownFileType = sourcecode.c.objc; path = QuestionViewController.m; sourceTree = "<group>"; };
		188EC8401AD57D96002CDBA7 /* AnswerModalViewController.h */ = {isa = PBXFileReference; fileEncoding = 4; lastKnownFileType = sourcecode.c.h; path = AnswerModalViewController.h; sourceTree = "<group>"; };
		188EC8411AD57D96002CDBA7 /* AnswerModalViewController.m */ = {isa = PBXFileReference; fileEncoding = 4; lastKnownFileType = sourcecode.c.objc; path = AnswerModalViewController.m; sourceTree = "<group>"; };
		188EC8471AD57DD2002CDBA7 /* TIQCoreData.h */ = {isa = PBXFileReference; fileEncoding = 4; lastKnownFileType = sourcecode.c.h; path = TIQCoreData.h; sourceTree = "<group>"; };
		188EC8481AD57DD2002CDBA7 /* TIQCoreData.m */ = {isa = PBXFileReference; fileEncoding = 4; lastKnownFileType = sourcecode.c.objc; path = TIQCoreData.m; sourceTree = "<group>"; };
		188EC84B1AD58151002CDBA7 /* TopicModalTableViewController.h */ = {isa = PBXFileReference; fileEncoding = 4; lastKnownFileType = sourcecode.c.h; path = TopicModalTableViewController.h; sourceTree = "<group>"; };
		188EC84C1AD58151002CDBA7 /* TopicModalTableViewController.m */ = {isa = PBXFileReference; fileEncoding = 4; lastKnownFileType = sourcecode.c.objc; path = TopicModalTableViewController.m; sourceTree = "<group>"; };
		18993EC61AD6F87100548E44 /* Firebase.framework */ = {isa = PBXFileReference; lastKnownFileType = wrapper.framework; name = Firebase.framework; path = TheIronQuiz/Firebase.framework; sourceTree = "<group>"; };
		18993EC81AD6F8B900548E44 /* libicucore.dylib */ = {isa = PBXFileReference; lastKnownFileType = "compiled.mach-o.dylib"; name = libicucore.dylib; path = usr/lib/libicucore.dylib; sourceTree = SDKROOT; };
		18993ECA1AD6F8C700548E44 /* libc++.dylib */ = {isa = PBXFileReference; lastKnownFileType = "compiled.mach-o.dylib"; name = "libc++.dylib"; path = "usr/lib/libc++.dylib"; sourceTree = SDKROOT; };
		18993ECC1AD6F8D300548E44 /* CFNetwork.framework */ = {isa = PBXFileReference; lastKnownFileType = wrapper.framework; name = CFNetwork.framework; path = System/Library/Frameworks/CFNetwork.framework; sourceTree = SDKROOT; };
		18993ECE1AD6F8DC00548E44 /* Security.framework */ = {isa = PBXFileReference; lastKnownFileType = wrapper.framework; name = Security.framework; path = System/Library/Frameworks/Security.framework; sourceTree = SDKROOT; };
		18993ED01AD6F8E600548E44 /* SystemConfiguration.framework */ = {isa = PBXFileReference; lastKnownFileType = wrapper.framework; name = SystemConfiguration.framework; path = System/Library/Frameworks/SystemConfiguration.framework; sourceTree = SDKROOT; };
		18993ED31AD7009000548E44 /* TIQFirebase.h */ = {isa = PBXFileReference; fileEncoding = 4; lastKnownFileType = sourcecode.c.h; path = TIQFirebase.h; sourceTree = "<group>"; };
		18993ED41AD7009000548E44 /* TIQFirebase.m */ = {isa = PBXFileReference; fileEncoding = 4; lastKnownFileType = sourcecode.c.objc; path = TIQFirebase.m; sourceTree = "<group>"; };
		18A50BF71AD5DE7100181BC5 /* Teacher.h */ = {isa = PBXFileReference; fileEncoding = 4; lastKnownFileType = sourcecode.c.h; path = Teacher.h; sourceTree = "<group>"; };
		18A50BF81AD5DE7100181BC5 /* Teacher.m */ = {isa = PBXFileReference; fileEncoding = 4; lastKnownFileType = sourcecode.c.objc; path = Teacher.m; sourceTree = "<group>"; };
		382558941AD601B000B91BD0 /* TheIronQuizModel.xcdatamodel */ = {isa = PBXFileReference; lastKnownFileType = wrapper.xcdatamodel; path = TheIronQuizModel.xcdatamodel; sourceTree = "<group>"; };
		382558961AD6D0E100B91BD0 /* CoreDataStack.h */ = {isa = PBXFileReference; fileEncoding = 4; lastKnownFileType = sourcecode.c.h; path = CoreDataStack.h; sourceTree = "<group>"; };
		382558971AD6D0E100B91BD0 /* CoreDataStack.m */ = {isa = PBXFileReference; fileEncoding = 4; lastKnownFileType = sourcecode.c.objc; path = CoreDataStack.m; sourceTree = "<group>"; };
		382558991AD6D25F00B91BD0 /* Choice.h */ = {isa = PBXFileReference; fileEncoding = 4; lastKnownFileType = sourcecode.c.h; name = Choice.h; path = Classes/Choice.h; sourceTree = "<group>"; };
		3825589A1AD6D25F00B91BD0 /* Choice.m */ = {isa = PBXFileReference; fileEncoding = 4; lastKnownFileType = sourcecode.c.objc; name = Choice.m; path = Classes/Choice.m; sourceTree = "<group>"; };
		3825589B1AD6D25F00B91BD0 /* Question.h */ = {isa = PBXFileReference; fileEncoding = 4; lastKnownFileType = sourcecode.c.h; name = Question.h; path = Classes/Question.h; sourceTree = "<group>"; };
		3825589C1AD6D25F00B91BD0 /* Question.m */ = {isa = PBXFileReference; fileEncoding = 4; lastKnownFileType = sourcecode.c.objc; name = Question.m; path = Classes/Question.m; sourceTree = "<group>"; };
		3825589D1AD6D25F00B91BD0 /* Quiz.h */ = {isa = PBXFileReference; fileEncoding = 4; lastKnownFileType = sourcecode.c.h; name = Quiz.h; path = Classes/Quiz.h; sourceTree = "<group>"; };
		3825589E1AD6D25F00B91BD0 /* Quiz.m */ = {isa = PBXFileReference; fileEncoding = 4; lastKnownFileType = sourcecode.c.objc; name = Quiz.m; path = Classes/Quiz.m; sourceTree = "<group>"; };
		3825589F1AD6D25F00B91BD0 /* Topic.h */ = {isa = PBXFileReference; fileEncoding = 4; lastKnownFileType = sourcecode.c.h; name = Topic.h; path = Classes/Topic.h; sourceTree = "<group>"; };
		382558A01AD6D25F00B91BD0 /* Topic.m */ = {isa = PBXFileReference; fileEncoding = 4; lastKnownFileType = sourcecode.c.objc; name = Topic.m; path = Classes/Topic.m; sourceTree = "<group>"; };
		382558A51AD6D27700B91BD0 /* _Choice.h */ = {isa = PBXFileReference; fileEncoding = 4; lastKnownFileType = sourcecode.c.h; name = _Choice.h; path = MOGenerated/_Choice.h; sourceTree = "<group>"; };
		382558A61AD6D27700B91BD0 /* _Choice.m */ = {isa = PBXFileReference; fileEncoding = 4; lastKnownFileType = sourcecode.c.objc; name = _Choice.m; path = MOGenerated/_Choice.m; sourceTree = "<group>"; };
		382558A71AD6D27700B91BD0 /* _Question.h */ = {isa = PBXFileReference; fileEncoding = 4; lastKnownFileType = sourcecode.c.h; name = _Question.h; path = MOGenerated/_Question.h; sourceTree = "<group>"; };
		382558A81AD6D27700B91BD0 /* _Question.m */ = {isa = PBXFileReference; fileEncoding = 4; lastKnownFileType = sourcecode.c.objc; name = _Question.m; path = MOGenerated/_Question.m; sourceTree = "<group>"; };
		382558A91AD6D27700B91BD0 /* _Quiz.h */ = {isa = PBXFileReference; fileEncoding = 4; lastKnownFileType = sourcecode.c.h; name = _Quiz.h; path = MOGenerated/_Quiz.h; sourceTree = "<group>"; };
		382558AA1AD6D27700B91BD0 /* _Quiz.m */ = {isa = PBXFileReference; fileEncoding = 4; lastKnownFileType = sourcecode.c.objc; name = _Quiz.m; path = MOGenerated/_Quiz.m; sourceTree = "<group>"; };
		382558AB1AD6D27700B91BD0 /* _Topic.h */ = {isa = PBXFileReference; fileEncoding = 4; lastKnownFileType = sourcecode.c.h; name = _Topic.h; path = MOGenerated/_Topic.h; sourceTree = "<group>"; };
		382558AC1AD6D27700B91BD0 /* _Topic.m */ = {isa = PBXFileReference; fileEncoding = 4; lastKnownFileType = sourcecode.c.objc; name = _Topic.m; path = MOGenerated/_Topic.m; sourceTree = "<group>"; };
		5AD46E531AD56C470053E89A /* TheIronQuiz.app */ = {isa = PBXFileReference; explicitFileType = wrapper.application; includeInIndex = 0; path = TheIronQuiz.app; sourceTree = BUILT_PRODUCTS_DIR; };
		5AD46E571AD56C470053E89A /* Info.plist */ = {isa = PBXFileReference; lastKnownFileType = text.plist.xml; path = Info.plist; sourceTree = "<group>"; };
		5AD46E581AD56C470053E89A /* main.m */ = {isa = PBXFileReference; lastKnownFileType = sourcecode.c.objc; path = main.m; sourceTree = "<group>"; };
		5AD46E5A1AD56C470053E89A /* AppDelegate.h */ = {isa = PBXFileReference; lastKnownFileType = sourcecode.c.h; path = AppDelegate.h; sourceTree = "<group>"; };
		5AD46E5B1AD56C470053E89A /* AppDelegate.m */ = {isa = PBXFileReference; lastKnownFileType = sourcecode.c.objc; path = AppDelegate.m; sourceTree = "<group>"; };
		5AD46E611AD56C470053E89A /* Base */ = {isa = PBXFileReference; lastKnownFileType = file.storyboard; name = Base; path = Base.lproj/Main.storyboard; sourceTree = "<group>"; };
		5AD46E631AD56C470053E89A /* Images.xcassets */ = {isa = PBXFileReference; lastKnownFileType = folder.assetcatalog; path = Images.xcassets; sourceTree = "<group>"; };
		5AD46E661AD56C470053E89A /* Base */ = {isa = PBXFileReference; lastKnownFileType = file.xib; name = Base; path = Base.lproj/LaunchScreen.xib; sourceTree = "<group>"; };
		5AD46E6C1AD56C470053E89A /* TheIronQuizTests.xctest */ = {isa = PBXFileReference; explicitFileType = wrapper.cfbundle; includeInIndex = 0; path = TheIronQuizTests.xctest; sourceTree = BUILT_PRODUCTS_DIR; };
		5AD46E711AD56C470053E89A /* Info.plist */ = {isa = PBXFileReference; lastKnownFileType = text.plist.xml; path = Info.plist; sourceTree = "<group>"; };
		5AD46E721AD56C470053E89A /* TheIronQuizTests.m */ = {isa = PBXFileReference; lastKnownFileType = sourcecode.c.objc; path = TheIronQuizTests.m; sourceTree = "<group>"; };
/* End PBXFileReference section */

/* Begin PBXFrameworksBuildPhase section */
		5AD46E501AD56C470053E89A /* Frameworks */ = {
			isa = PBXFrameworksBuildPhase;
			buildActionMask = 2147483647;
			files = (
				18993ED11AD6F8E600548E44 /* SystemConfiguration.framework in Frameworks */,
				18993ECF1AD6F8DC00548E44 /* Security.framework in Frameworks */,
				18993ECD1AD6F8D300548E44 /* CFNetwork.framework in Frameworks */,
				18993ECB1AD6F8C700548E44 /* libc++.dylib in Frameworks */,
				18993EC91AD6F8B900548E44 /* libicucore.dylib in Frameworks */,
				18993EC71AD6F87100548E44 /* Firebase.framework in Frameworks */,
			);
			runOnlyForDeploymentPostprocessing = 0;
		};
		5AD46E691AD56C470053E89A /* Frameworks */ = {
			isa = PBXFrameworksBuildPhase;
			buildActionMask = 2147483647;
			files = (
			);
			runOnlyForDeploymentPostprocessing = 0;
		};
/* End PBXFrameworksBuildPhase section */

/* Begin PBXGroup section */
		188EC8431AD57DA3002CDBA7 /* ViewControllers */ = {
			isa = PBXGroup;
			children = (
				188EC8371AD57D3E002CDBA7 /* RootViewController.h */,
				188EC8381AD57D3E002CDBA7 /* RootViewController.m */,
				188EC83A1AD57D57002CDBA7 /* QuizPickerTableViewController.h */,
				188EC83B1AD57D57002CDBA7 /* QuizPickerTableViewController.m */,
				188EC83D1AD57D71002CDBA7 /* QuestionViewController.h */,
				188EC83E1AD57D71002CDBA7 /* QuestionViewController.m */,
				188EC8401AD57D96002CDBA7 /* AnswerModalViewController.h */,
				188EC8411AD57D96002CDBA7 /* AnswerModalViewController.m */,
				188EC84B1AD58151002CDBA7 /* TopicModalTableViewController.h */,
				188EC84C1AD58151002CDBA7 /* TopicModalTableViewController.m */,
			);
			name = ViewControllers;
			sourceTree = "<group>";
		};
		18993ED21AD6F93200548E44 /* FireBase Dependencies */ = {
			isa = PBXGroup;
			children = (
				18993ED01AD6F8E600548E44 /* SystemConfiguration.framework */,
				18993ECE1AD6F8DC00548E44 /* Security.framework */,
				18993ECC1AD6F8D300548E44 /* CFNetwork.framework */,
				18993ECA1AD6F8C700548E44 /* libc++.dylib */,
				18993EC81AD6F8B900548E44 /* libicucore.dylib */,
			);
			name = "FireBase Dependencies";
			sourceTree = "<group>";
		};
		382558B11AD6D29800B91BD0 /* Models */ = {
			isa = PBXGroup;
			children = (
				382558B21AD6D2BC00B91BD0 /* Mogenerated -Do Not Modify- */,
				382558991AD6D25F00B91BD0 /* Choice.h */,
				3825589A1AD6D25F00B91BD0 /* Choice.m */,
				3825589B1AD6D25F00B91BD0 /* Question.h */,
				3825589C1AD6D25F00B91BD0 /* Question.m */,
				3825589D1AD6D25F00B91BD0 /* Quiz.h */,
				3825589E1AD6D25F00B91BD0 /* Quiz.m */,
				3825589F1AD6D25F00B91BD0 /* Topic.h */,
				382558A01AD6D25F00B91BD0 /* Topic.m */,
				18A50BF71AD5DE7100181BC5 /* Teacher.h */,
				18A50BF81AD5DE7100181BC5 /* Teacher.m */,
				188EC8471AD57DD2002CDBA7 /* TIQCoreData.h */,
				188EC8481AD57DD2002CDBA7 /* TIQCoreData.m */,
				18993ED31AD7009000548E44 /* TIQFirebase.h */,
				18993ED41AD7009000548E44 /* TIQFirebase.m */,
			);
			name = Models;
			sourceTree = "<group>";
		};
		382558B21AD6D2BC00B91BD0 /* Mogenerated -Do Not Modify- */ = {
			isa = PBXGroup;
			children = (
				382558A51AD6D27700B91BD0 /* _Choice.h */,
				382558A61AD6D27700B91BD0 /* _Choice.m */,
				382558A71AD6D27700B91BD0 /* _Question.h */,
				382558A81AD6D27700B91BD0 /* _Question.m */,
				382558A91AD6D27700B91BD0 /* _Quiz.h */,
				382558AA1AD6D27700B91BD0 /* _Quiz.m */,
				382558AB1AD6D27700B91BD0 /* _Topic.h */,
				382558AC1AD6D27700B91BD0 /* _Topic.m */,
			);
			name = "Mogenerated -Do Not Modify-";
			sourceTree = "<group>";
		};
		382558B31AD6D2F500B91BD0 /* Library */ = {
			isa = PBXGroup;
			children = (
				382558961AD6D0E100B91BD0 /* CoreDataStack.h */,
				382558971AD6D0E100B91BD0 /* CoreDataStack.m */,
			);
			name = Library;
			sourceTree = "<group>";
		};
		5AD46E4A1AD56C470053E89A = {
			isa = PBXGroup;
			children = (
				18993EC61AD6F87100548E44 /* Firebase.framework */,
				18993ED21AD6F93200548E44 /* FireBase Dependencies */,
				5AD46E551AD56C470053E89A /* TheIronQuiz */,
				5AD46E6F1AD56C470053E89A /* TheIronQuizTests */,
				5AD46E541AD56C470053E89A /* Products */,
			);
			sourceTree = "<group>";
		};
		5AD46E541AD56C470053E89A /* Products */ = {
			isa = PBXGroup;
			children = (
				5AD46E531AD56C470053E89A /* TheIronQuiz.app */,
				5AD46E6C1AD56C470053E89A /* TheIronQuizTests.xctest */,
			);
			name = Products;
			sourceTree = "<group>";
		};
		5AD46E551AD56C470053E89A /* TheIronQuiz */ = {
			isa = PBXGroup;
			children = (
				188EC8431AD57DA3002CDBA7 /* ViewControllers */,
				382558B11AD6D29800B91BD0 /* Models */,
				382558B31AD6D2F500B91BD0 /* Library */,
				5AD46E5A1AD56C470053E89A /* AppDelegate.h */,
				5AD46E5B1AD56C470053E89A /* AppDelegate.m */,
				5AD46E601AD56C470053E89A /* Main.storyboard */,
				5AD46E631AD56C470053E89A /* Images.xcassets */,
				5AD46E651AD56C470053E89A /* LaunchScreen.xib */,
				5AD46E561AD56C470053E89A /* Supporting Files */,
				382558931AD601B000B91BD0 /* TheIronQuizModel.xcdatamodeld */,
			);
			path = TheIronQuiz;
			sourceTree = "<group>";
		};
		5AD46E561AD56C470053E89A /* Supporting Files */ = {
			isa = PBXGroup;
			children = (
				5AD46E571AD56C470053E89A /* Info.plist */,
				5AD46E581AD56C470053E89A /* main.m */,
			);
			name = "Supporting Files";
			sourceTree = "<group>";
		};
		5AD46E6F1AD56C470053E89A /* TheIronQuizTests */ = {
			isa = PBXGroup;
			children = (
				5AD46E721AD56C470053E89A /* TheIronQuizTests.m */,
				5AD46E701AD56C470053E89A /* Supporting Files */,
			);
			path = TheIronQuizTests;
			sourceTree = "<group>";
		};
		5AD46E701AD56C470053E89A /* Supporting Files */ = {
			isa = PBXGroup;
			children = (
				5AD46E711AD56C470053E89A /* Info.plist */,
			);
			name = "Supporting Files";
			sourceTree = "<group>";
		};
/* End PBXGroup section */

/* Begin PBXNativeTarget section */
		5AD46E521AD56C470053E89A /* TheIronQuiz */ = {
			isa = PBXNativeTarget;
			buildConfigurationList = 5AD46E761AD56C470053E89A /* Build configuration list for PBXNativeTarget "TheIronQuiz" */;
			buildPhases = (
				5AD46E4F1AD56C470053E89A /* Sources */,
				5AD46E501AD56C470053E89A /* Frameworks */,
				5AD46E511AD56C470053E89A /* Resources */,
			);
			buildRules = (
			);
			dependencies = (
			);
			name = TheIronQuiz;
			productName = TheIronQuiz;
			productReference = 5AD46E531AD56C470053E89A /* TheIronQuiz.app */;
			productType = "com.apple.product-type.application";
		};
		5AD46E6B1AD56C470053E89A /* TheIronQuizTests */ = {
			isa = PBXNativeTarget;
			buildConfigurationList = 5AD46E791AD56C470053E89A /* Build configuration list for PBXNativeTarget "TheIronQuizTests" */;
			buildPhases = (
				5AD46E681AD56C470053E89A /* Sources */,
				5AD46E691AD56C470053E89A /* Frameworks */,
				5AD46E6A1AD56C470053E89A /* Resources */,
			);
			buildRules = (
			);
			dependencies = (
				5AD46E6E1AD56C470053E89A /* PBXTargetDependency */,
			);
			name = TheIronQuizTests;
			productName = TheIronQuizTests;
			productReference = 5AD46E6C1AD56C470053E89A /* TheIronQuizTests.xctest */;
			productType = "com.apple.product-type.bundle.unit-test";
		};
/* End PBXNativeTarget section */

/* Begin PBXProject section */
		5AD46E4B1AD56C470053E89A /* Project object */ = {
			isa = PBXProject;
			attributes = {
				LastUpgradeCheck = 0620;
				ORGANIZATIONNAME = "The Iron Yard";
				TargetAttributes = {
					3825588E1AD5FF3900B91BD0 = {
						CreatedOnToolsVersion = 6.2;
					};
					5AD46E521AD56C470053E89A = {
						CreatedOnToolsVersion = 6.2;
						DevelopmentTeam = RJJZNNK39M;
						SystemCapabilities = {
							com.apple.iCloud = {
								enabled = 0;
							};
						};
					};
					5AD46E6B1AD56C470053E89A = {
						CreatedOnToolsVersion = 6.2;
						TestTargetID = 5AD46E521AD56C470053E89A;
					};
				};
			};
			buildConfigurationList = 5AD46E4E1AD56C470053E89A /* Build configuration list for PBXProject "TheIronQuiz" */;
			compatibilityVersion = "Xcode 3.2";
			developmentRegion = English;
			hasScannedForEncodings = 0;
			knownRegions = (
				en,
				Base,
			);
			mainGroup = 5AD46E4A1AD56C470053E89A;
			productRefGroup = 5AD46E541AD56C470053E89A /* Products */;
			projectDirPath = "";
			projectRoot = "";
			targets = (
				5AD46E521AD56C470053E89A /* TheIronQuiz */,
				5AD46E6B1AD56C470053E89A /* TheIronQuizTests */,
				3825588E1AD5FF3900B91BD0 /* mogenerator */,
			);
		};
/* End PBXProject section */

/* Begin PBXResourcesBuildPhase section */
		5AD46E511AD56C470053E89A /* Resources */ = {
			isa = PBXResourcesBuildPhase;
			buildActionMask = 2147483647;
			files = (
				5AD46E621AD56C470053E89A /* Main.storyboard in Resources */,
				5AD46E671AD56C470053E89A /* LaunchScreen.xib in Resources */,
				5AD46E641AD56C470053E89A /* Images.xcassets in Resources */,
			);
			runOnlyForDeploymentPostprocessing = 0;
		};
		5AD46E6A1AD56C470053E89A /* Resources */ = {
			isa = PBXResourcesBuildPhase;
			buildActionMask = 2147483647;
			files = (
			);
			runOnlyForDeploymentPostprocessing = 0;
		};
/* End PBXResourcesBuildPhase section */

/* Begin PBXShellScriptBuildPhase section */
		382558921AD5FF9E00B91BD0 /* Run Script */ = {
			isa = PBXShellScriptBuildPhase;
			buildActionMask = 2147483647;
			files = (
			);
			inputPaths = (
			);
			name = "Run Script";
			outputPaths = (
			);
			runOnlyForDeploymentPostprocessing = 0;
			shellPath = /bin/sh;
			shellScript = "PATH=${PATH}:/usr/local/bin\ncd \"${PROJECT_DIR}/TheIronQuiz\"\nmogenerator --human-dir Classes --machine-dir MOGenerated --model TheIronQuizModel.xcdatamodeld/TheIronQuizModel.xcdatamodel --template-var arc=true";
		};
/* End PBXShellScriptBuildPhase section */

/* Begin PBXSourcesBuildPhase section */
		5AD46E4F1AD56C470053E89A /* Sources */ = {
			isa = PBXSourcesBuildPhase;
			buildActionMask = 2147483647;
			files = (
				188EC8491AD57DD2002CDBA7 /* TIQCoreData.m in Sources */,
				382558A41AD6D25F00B91BD0 /* Topic.m in Sources */,
				188EC83C1AD57D57002CDBA7 /* QuizPickerTableViewController.m in Sources */,
				382558AE1AD6D27700B91BD0 /* _Question.m in Sources */,
				188EC83F1AD57D71002CDBA7 /* QuestionViewController.m in Sources */,
				382558951AD601B000B91BD0 /* TheIronQuizModel.xcdatamodeld in Sources */,
				188EC84D1AD58151002CDBA7 /* TopicModalTableViewController.m in Sources */,
				5AD46E5C1AD56C470053E89A /* AppDelegate.m in Sources */,
				5AD46E591AD56C470053E89A /* main.m in Sources */,
				382558A11AD6D25F00B91BD0 /* Choice.m in Sources */,
				382558AF1AD6D27700B91BD0 /* _Quiz.m in Sources */,
				188EC8421AD57D96002CDBA7 /* AnswerModalViewController.m in Sources */,
				382558A31AD6D25F00B91BD0 /* Quiz.m in Sources */,
				18A50BF91AD5DE7100181BC5 /* Teacher.m in Sources */,
				382558AD1AD6D27700B91BD0 /* _Choice.m in Sources */,
				18993ED51AD7009000548E44 /* TIQFirebase.m in Sources */,
				382558A21AD6D25F00B91BD0 /* Question.m in Sources */,
				382558B01AD6D27800B91BD0 /* _Topic.m in Sources */,
				188EC8391AD57D3E002CDBA7 /* RootViewController.m in Sources */,
				382558981AD6D0E100B91BD0 /* CoreDataStack.m in Sources */,
			);
			runOnlyForDeploymentPostprocessing = 0;
		};
		5AD46E681AD56C470053E89A /* Sources */ = {
			isa = PBXSourcesBuildPhase;
			buildActionMask = 2147483647;
			files = (
				5AD46E731AD56C470053E89A /* TheIronQuizTests.m in Sources */,
			);
			runOnlyForDeploymentPostprocessing = 0;
		};
/* End PBXSourcesBuildPhase section */

/* Begin PBXTargetDependency section */
		5AD46E6E1AD56C470053E89A /* PBXTargetDependency */ = {
			isa = PBXTargetDependency;
			target = 5AD46E521AD56C470053E89A /* TheIronQuiz */;
			targetProxy = 5AD46E6D1AD56C470053E89A /* PBXContainerItemProxy */;
		};
/* End PBXTargetDependency section */

/* Begin PBXVariantGroup section */
		5AD46E601AD56C470053E89A /* Main.storyboard */ = {
			isa = PBXVariantGroup;
			children = (
				5AD46E611AD56C470053E89A /* Base */,
			);
			name = Main.storyboard;
			sourceTree = "<group>";
		};
		5AD46E651AD56C470053E89A /* LaunchScreen.xib */ = {
			isa = PBXVariantGroup;
			children = (
				5AD46E661AD56C470053E89A /* Base */,
			);
			name = LaunchScreen.xib;
			sourceTree = "<group>";
		};
/* End PBXVariantGroup section */

/* Begin XCBuildConfiguration section */
		3825588F1AD5FF3900B91BD0 /* Debug */ = {
			isa = XCBuildConfiguration;
			buildSettings = {
				PRODUCT_NAME = "$(TARGET_NAME)";
			};
			name = Debug;
		};
		382558901AD5FF3900B91BD0 /* Release */ = {
			isa = XCBuildConfiguration;
			buildSettings = {
				PRODUCT_NAME = "$(TARGET_NAME)";
			};
			name = Release;
		};
		5AD46E741AD56C470053E89A /* Debug */ = {
			isa = XCBuildConfiguration;
			buildSettings = {
				ALWAYS_SEARCH_USER_PATHS = NO;
				CLANG_CXX_LANGUAGE_STANDARD = "gnu++0x";
				CLANG_CXX_LIBRARY = "libc++";
				CLANG_ENABLE_MODULES = YES;
				CLANG_ENABLE_OBJC_ARC = YES;
				CLANG_WARN_BOOL_CONVERSION = YES;
				CLANG_WARN_CONSTANT_CONVERSION = YES;
				CLANG_WARN_DIRECT_OBJC_ISA_USAGE = YES_ERROR;
				CLANG_WARN_EMPTY_BODY = YES;
				CLANG_WARN_ENUM_CONVERSION = YES;
				CLANG_WARN_INT_CONVERSION = YES;
				CLANG_WARN_OBJC_ROOT_CLASS = YES_ERROR;
				CLANG_WARN_UNREACHABLE_CODE = YES;
				CLANG_WARN__DUPLICATE_METHOD_MATCH = YES;
				"CODE_SIGN_IDENTITY[sdk=iphoneos*]" = "iPhone Developer";
				COPY_PHASE_STRIP = NO;
				ENABLE_STRICT_OBJC_MSGSEND = YES;
				GCC_C_LANGUAGE_STANDARD = gnu99;
				GCC_DYNAMIC_NO_PIC = NO;
				GCC_OPTIMIZATION_LEVEL = 0;
				GCC_PREPROCESSOR_DEFINITIONS = (
					"DEBUG=1",
					"$(inherited)",
				);
				GCC_SYMBOLS_PRIVATE_EXTERN = NO;
				GCC_WARN_64_TO_32_BIT_CONVERSION = YES;
				GCC_WARN_ABOUT_RETURN_TYPE = YES_ERROR;
				GCC_WARN_UNDECLARED_SELECTOR = YES;
				GCC_WARN_UNINITIALIZED_AUTOS = YES_AGGRESSIVE;
				GCC_WARN_UNUSED_FUNCTION = YES;
				GCC_WARN_UNUSED_VARIABLE = YES;
				IPHONEOS_DEPLOYMENT_TARGET = 8.2;
				MTL_ENABLE_DEBUG_INFO = YES;
				ONLY_ACTIVE_ARCH = YES;
				SDKROOT = iphoneos;
			};
			name = Debug;
		};
		5AD46E751AD56C470053E89A /* Release */ = {
			isa = XCBuildConfiguration;
			buildSettings = {
				ALWAYS_SEARCH_USER_PATHS = NO;
				CLANG_CXX_LANGUAGE_STANDARD = "gnu++0x";
				CLANG_CXX_LIBRARY = "libc++";
				CLANG_ENABLE_MODULES = YES;
				CLANG_ENABLE_OBJC_ARC = YES;
				CLANG_WARN_BOOL_CONVERSION = YES;
				CLANG_WARN_CONSTANT_CONVERSION = YES;
				CLANG_WARN_DIRECT_OBJC_ISA_USAGE = YES_ERROR;
				CLANG_WARN_EMPTY_BODY = YES;
				CLANG_WARN_ENUM_CONVERSION = YES;
				CLANG_WARN_INT_CONVERSION = YES;
				CLANG_WARN_OBJC_ROOT_CLASS = YES_ERROR;
				CLANG_WARN_UNREACHABLE_CODE = YES;
				CLANG_WARN__DUPLICATE_METHOD_MATCH = YES;
				"CODE_SIGN_IDENTITY[sdk=iphoneos*]" = "iPhone Developer";
				COPY_PHASE_STRIP = NO;
				ENABLE_NS_ASSERTIONS = NO;
				ENABLE_STRICT_OBJC_MSGSEND = YES;
				GCC_C_LANGUAGE_STANDARD = gnu99;
				GCC_WARN_64_TO_32_BIT_CONVERSION = YES;
				GCC_WARN_ABOUT_RETURN_TYPE = YES_ERROR;
				GCC_WARN_UNDECLARED_SELECTOR = YES;
				GCC_WARN_UNINITIALIZED_AUTOS = YES_AGGRESSIVE;
				GCC_WARN_UNUSED_FUNCTION = YES;
				GCC_WARN_UNUSED_VARIABLE = YES;
				IPHONEOS_DEPLOYMENT_TARGET = 8.2;
				MTL_ENABLE_DEBUG_INFO = NO;
				SDKROOT = iphoneos;
				VALIDATE_PRODUCT = YES;
			};
			name = Release;
		};
		5AD46E771AD56C470053E89A /* Debug */ = {
			isa = XCBuildConfiguration;
			buildSettings = {
				ASSETCATALOG_COMPILER_APPICON_NAME = AppIcon;
				CODE_SIGN_IDENTITY = "iPhone Developer";
				"CODE_SIGN_IDENTITY[sdk=iphoneos*]" = "iPhone Developer";
				FRAMEWORK_SEARCH_PATHS = (
					"$(inherited)",
					"$(PROJECT_DIR)/TheIronQuiz",
				);
				INFOPLIST_FILE = TheIronQuiz/Info.plist;
				LD_RUNPATH_SEARCH_PATHS = "$(inherited) @executable_path/Frameworks";
				OTHER_LDFLAGS = "-ObjC";
				PRODUCT_NAME = "$(TARGET_NAME)";
				PROVISIONING_PROFILE = "";
			};
			name = Debug;
		};
		5AD46E781AD56C470053E89A /* Release */ = {
			isa = XCBuildConfiguration;
			buildSettings = {
				ASSETCATALOG_COMPILER_APPICON_NAME = AppIcon;
				CODE_SIGN_IDENTITY = "iPhone Developer";
				"CODE_SIGN_IDENTITY[sdk=iphoneos*]" = "iPhone Developer";
				FRAMEWORK_SEARCH_PATHS = (
					"$(inherited)",
					"$(PROJECT_DIR)/TheIronQuiz",
				);
				INFOPLIST_FILE = TheIronQuiz/Info.plist;
				LD_RUNPATH_SEARCH_PATHS = "$(inherited) @executable_path/Frameworks";
				OTHER_LDFLAGS = "-ObjC";
				PRODUCT_NAME = "$(TARGET_NAME)";
				PROVISIONING_PROFILE = "";
			};
			name = Release;
		};
		5AD46E7A1AD56C470053E89A /* Debug */ = {
			isa = XCBuildConfiguration;
			buildSettings = {
				BUNDLE_LOADER = "$(TEST_HOST)";
				FRAMEWORK_SEARCH_PATHS = (
					"$(SDKROOT)/Developer/Library/Frameworks",
					"$(inherited)",
				);
				GCC_PREPROCESSOR_DEFINITIONS = (
					"DEBUG=1",
					"$(inherited)",
				);
				INFOPLIST_FILE = TheIronQuizTests/Info.plist;
				LD_RUNPATH_SEARCH_PATHS = "$(inherited) @executable_path/Frameworks @loader_path/Frameworks";
				PRODUCT_NAME = "$(TARGET_NAME)";
				TEST_HOST = "$(BUILT_PRODUCTS_DIR)/TheIronQuiz.app/TheIronQuiz";
			};
			name = Debug;
		};
		5AD46E7B1AD56C470053E89A /* Release */ = {
			isa = XCBuildConfiguration;
			buildSettings = {
				BUNDLE_LOADER = "$(TEST_HOST)";
				FRAMEWORK_SEARCH_PATHS = (
					"$(SDKROOT)/Developer/Library/Frameworks",
					"$(inherited)",
				);
				INFOPLIST_FILE = TheIronQuizTests/Info.plist;
				LD_RUNPATH_SEARCH_PATHS = "$(inherited) @executable_path/Frameworks @loader_path/Frameworks";
				PRODUCT_NAME = "$(TARGET_NAME)";
				TEST_HOST = "$(BUILT_PRODUCTS_DIR)/TheIronQuiz.app/TheIronQuiz";
			};
			name = Release;
		};
/* End XCBuildConfiguration section */

/* Begin XCConfigurationList section */
		382558911AD5FF3900B91BD0 /* Build configuration list for PBXAggregateTarget "mogenerator" */ = {
			isa = XCConfigurationList;
			buildConfigurations = (
				3825588F1AD5FF3900B91BD0 /* Debug */,
				382558901AD5FF3900B91BD0 /* Release */,
			);
			defaultConfigurationIsVisible = 0;
			defaultConfigurationName = Release;
		};
		5AD46E4E1AD56C470053E89A /* Build configuration list for PBXProject "TheIronQuiz" */ = {
			isa = XCConfigurationList;
			buildConfigurations = (
				5AD46E741AD56C470053E89A /* Debug */,
				5AD46E751AD56C470053E89A /* Release */,
			);
			defaultConfigurationIsVisible = 0;
			defaultConfigurationName = Release;
		};
		5AD46E761AD56C470053E89A /* Build configuration list for PBXNativeTarget "TheIronQuiz" */ = {
			isa = XCConfigurationList;
			buildConfigurations = (
				5AD46E771AD56C470053E89A /* Debug */,
				5AD46E781AD56C470053E89A /* Release */,
			);
			defaultConfigurationIsVisible = 0;
			defaultConfigurationName = Release;
		};
		5AD46E791AD56C470053E89A /* Build configuration list for PBXNativeTarget "TheIronQuizTests" */ = {
			isa = XCConfigurationList;
			buildConfigurations = (
				5AD46E7A1AD56C470053E89A /* Debug */,
				5AD46E7B1AD56C470053E89A /* Release */,
			);
			defaultConfigurationIsVisible = 0;
			defaultConfigurationName = Release;
		};
/* End XCConfigurationList section */

/* Begin XCVersionGroup section */
		382558931AD601B000B91BD0 /* TheIronQuizModel.xcdatamodeld */ = {
			isa = XCVersionGroup;
			children = (
				382558941AD601B000B91BD0 /* TheIronQuizModel.xcdatamodel */,
			);
			currentVersion = 382558941AD601B000B91BD0 /* TheIronQuizModel.xcdatamodel */;
			path = TheIronQuizModel.xcdatamodeld;
			sourceTree = "<group>";
			versionGroupType = wrapper.xcdatamodel;
		};
/* End XCVersionGroup section */
	};
	rootObject = 5AD46E4B1AD56C470053E89A /* Project object */;
}
